
Microsoft Visual Studio Solution File, Format Version 12.00
# Visual Studio Version 16
VisualStudioVersion = 16.0.31613.86
MinimumVisualStudioVersion = 10.0.40219.1
Project("{FAE04EC0-301F-11D3-BF4B-00C04F79EFBC}") = "VetorQuartosPensao", "VetorQuartosPensao\VetorQuartosPensao.csproj", "{62C0DAE4-F049-4CAE-929C-FA736A217457}"
EndProject
Global
	GlobalSection(SolutionConfigurationPlatforms) = preSolution
		Debug|Any CPU = Debug|Any CPU
		Release|Any CPU = Release|Any CPU
	EndGlobalSection
	GlobalSection(ProjectConfigurationPlatforms) = postSolution
		{62C0DAE4-F049-4CAE-929C-FA736A217457}.Debug|Any CPU.ActiveCfg = Debug|Any CPU
		{62C0DAE4-F049-4CAE-929C-FA736A217457}.Debug|Any CPU.Build.0 = Debug|Any CPU
		{62C0DAE4-F049-4CAE-929C-FA736A217457}.Release|Any CPU.ActiveCfg = Release|Any CPU
		{62C0DAE4-F049-4CAE-929C-FA736A217457}.Release|Any CPU.Build.0 = Release|Any CPU
	EndGlobalSection
	GlobalSection(SolutionProperties) = preSolution
		HideSolutionNode = FALSE
	EndGlobalSection
	GlobalSection(ExtensibilityGlobals) = postSolution
		SolutionGuid = {CEC9E6EB-3778-403B-81D8-5E8EB157A2B3}
	EndGlobalSection
EndGlobal
